
Microsoft Visual Studio Solution File, Format Version 12.00
# Visual Studio Version 17
VisualStudioVersion = 17.4.33110.190
MinimumVisualStudioVersion = 10.0.40219.1
Project("{FAE04EC0-301F-11D3-BF4B-00C04F79EFBC}") = "WebApi_Net7", "WebApi_Net7\WebApi_Net7.csproj", "{6569AF07-0F87-40E7-B78E-17E73B3D964B}"
EndProject
Global
	GlobalSection(SolutionConfigurationPlatforms) = preSolution
		Debug|Any CPU = Debug|Any CPU
		Release|Any CPU = Release|Any CPU
	EndGlobalSection
	GlobalSection(ProjectConfigurationPlatforms) = postSolution
		{6569AF07-0F87-40E7-B78E-17E73B3D964B}.Debug|Any CPU.ActiveCfg = Debug|Any CPU
		{6569AF07-0F87-40E7-B78E-17E73B3D964B}.Debug|Any CPU.Build.0 = Debug|Any CPU
		{6569AF07-0F87-40E7-B78E-17E73B3D964B}.Release|Any CPU.ActiveCfg = Release|Any CPU
		{6569AF07-0F87-40E7-B78E-17E73B3D964B}.Release|Any CPU.Build.0 = Release|Any CPU
	EndGlobalSection
	GlobalSection(SolutionProperties) = preSolution
		HideSolutionNode = FALSE
	EndGlobalSection
	GlobalSection(ExtensibilityGlobals) = postSolution
		SolutionGuid = {200E7960-F1B1-4F41-A311-3878886F9B7C}
	EndGlobalSection
EndGlobal
